<?xml version="1.0" encoding="utf-8"?>
<Project ToolsVersion="4.0" xmlns="http://schemas.microsoft.com/developer/msbuild/2003">
  <ItemGroup>
    <Filter Include="Source Files">
      <UniqueIdentifier>{4FC737F1-C7A5-4376-A066-2A32D752A2FF}</UniqueIdentifier>
      <Extensions>cpp;c;cc;cxx;c++;cppm;ixx;def;odl;idl;hpj;bat;asm;asmx</Extensions>
    </Filter>
    <Filter Include="Header Files">
      <UniqueIdentifier>{93995380-89BD-4b04-88EB-625FBE52EBFB}</UniqueIdentifier>
      <Extensions>h;hh;hpp;hxx;h++;hm;inl;inc;ipp;xsd</Extensions>
    </Filter>
    <Filter Include="Shaders">
      <UniqueIdentifier>{f1b8f4fe-5e8c-41c8-808e-6ea4310a284e}</UniqueIdentifier>
    </Filter>
    <Filter Include="Libraries">
      <UniqueIdentifier>{f62ea1c8-25b5-40c5-ba66-cc1bc5c181f1}</UniqueIdentifier>
    </Filter>
    <Filter Include="Source Files\Resource Files">
      <UniqueIdentifier>{67DA6AB6-F800-4c08-8B7A-83BB121AAD01}</UniqueIdentifier>
      <Extensions>rc;ico;cur;bmp;dlg;rc2;rct;bin;rgs;gif;jpg;jpeg;jpe;resx;tiff;tif;png;wav;mfcribbon-ms</Extensions>
    </Filter>
    <Filter Include="Input">
      <UniqueIdentifier>{b54d2166-8cc6-4f0d-ba6f-f16aa699d411}</UniqueIdentifier>
    </Filter>
    <Filter Include="GameComponents">
      <UniqueIdentifier>{88a4956d-2ba4-4835-8494-170b1a457f49}</UniqueIdentifier>
    </Filter>
  </ItemGroup>
  <ItemGroup>
    <ClCompile Include="MySuper3DApp.cpp">
      <Filter>Source Files</Filter>
    </ClCompile>
    <ClCompile Include="Game.cpp">
      <Filter>Source Files</Filter>
    </ClCompile>
    <ClCompile Include="DisplayWin32.cpp">
      <Filter>Source Files</Filter>
    </ClCompile>
    <ClCompile Include="Camera.cpp">
      <Filter>Source Files</Filter>
    </ClCompile>
    <ClCompile Include="CameraController.cpp">
      <Filter>Source Files</Filter>
    </ClCompile>
    <ClCompile Include="Input\WinInput.cpp">
      <Filter>Input</Filter>
    </ClCompile>
    <ClCompile Include="GameComponents\Planet.cpp">
      <Filter>GameComponents</Filter>
    </ClCompile>
    <ClCompile Include="DXSDK\Delegates.cpp">
      <Filter>Libraries</Filter>
    </ClCompile>
  </ItemGroup>
  <ItemGroup>
    <ClInclude Include="Game.h">
      <Filter>Header Files</Filter>
    </ClInclude>
    <ClInclude Include="resource.h">
      <Filter>Header Files</Filter>
    </ClInclude>
    <ClInclude Include="GameComponent.h">
      <Filter>Header Files</Filter>
    </ClInclude>
    <ClInclude Include="DisplayWin32.h">
      <Filter>Header Files</Filter>
    </ClInclude>
    <ClInclude Include="InputDevice.h">
      <Filter>Header Files</Filter>
    </ClInclude>
    <ClInclude Include="Camera.h">
      <Filter>Header Files</Filter>
    </ClInclude>
    <ClInclude Include="CameraController.h">
      <Filter>Header Files</Filter>
    </ClInclude>
    <ClInclude Include="DXSDK\ConstantBufferTypes.h">
      <Filter>Libraries</Filter>
    </ClInclude>
    <ClInclude Include="DXSDK\Delegates.h">
      <Filter>Libraries</Filter>
    </ClInclude>
    <ClInclude Include="DXSDK\VertexTypes.h">
      <Filter>Libraries</Filter>
    </ClInclude>
    <ClInclude Include="DXSDK\WICTextureLoader.h">
      <Filter>Libraries</Filter>
    </ClInclude>
    <ClInclude Include="Input\Keys.h">
      <Filter>Input</Filter>
    </ClInclude>
    <ClInclude Include="Input\WinInput.h">
      <Filter>Input</Filter>
    </ClInclude>
    <ClInclude Include="GameComponents\Planet.h">
      <Filter>GameComponents</Filter>
    </ClInclude>
    <ClInclude Include="DXSDK\Audio.h">
      <Filter>Libraries</Filter>
    </ClInclude>
    <ClInclude Include="DXSDK\BufferHelpers.h">
      <Filter>Libraries</Filter>
    </ClInclude>
    <ClInclude Include="DXSDK\CommonStates.h">
      <Filter>Libraries</Filter>
    </ClInclude>
    <ClInclude Include="DXSDK\DDSTextureLoader.h">
      <Filter>Libraries</Filter>
    </ClInclude>
    <ClInclude Include="DXSDK\DirectXHelpers.h">
      <Filter>Libraries</Filter>
    </ClInclude>
    <ClInclude Include="DXSDK\Effects.h">
      <Filter>Libraries</Filter>
    </ClInclude>
    <ClInclude Include="DXSDK\GamePad.h">
      <Filter>Libraries</Filter>
    </ClInclude>
    <ClInclude Include="DXSDK\GraphicsMemory.h">
      <Filter>Libraries</Filter>
    </ClInclude>
    <ClInclude Include="DXSDK\Keyboard.h">
      <Filter>Libraries</Filter>
    </ClInclude>
    <ClInclude Include="DXSDK\Model.h">
      <Filter>Libraries</Filter>
    </ClInclude>
    <ClInclude Include="DXSDK\Mouse.h">
      <Filter>Libraries</Filter>
    </ClInclude>
    <ClInclude Include="DXSDK\PostProcess.h">
      <Filter>Libraries</Filter>
    </ClInclude>
    <ClInclude Include="DXSDK\PrimitiveBatch.h">
      <Filter>Libraries</Filter>
    </ClInclude>
    <ClInclude Include="DXSDK\ScreenGrab.h">
      <Filter>Libraries</Filter>
    </ClInclude>
    <ClInclude Include="DXSDK\SpriteBatch.h">
      <Filter>Libraries</Filter>
    </ClInclude>
    <ClInclude Include="DXSDK\SpriteFont.h">
      <Filter>Libraries</Filter>
    </ClInclude>
    <ClInclude Include="DXSDK\XboxDDSTextureLoader.h">
      <Filter>Libraries</Filter>
    </ClInclude>
    <ClInclude Include="DXSDK\SimpleMath.h">
      <Filter>Libraries</Filter>
    </ClInclude>
  </ItemGroup>
  <ItemGroup>
    <ResourceCompile Include="GCItmo.rc">
      <Filter>Source Files\Resource Files</Filter>
    </ResourceCompile>
  </ItemGroup>
  <ItemGroup>
    <FxCompile Include="Shaders\VertexShader.hlsl">
      <Filter>Shaders</Filter>
    </FxCompile>
    <FxCompile Include="Shaders\PixelShader.hlsl">
      <Filter>Shaders</Filter>
    </FxCompile>
  </ItemGroup>
  <ItemGroup>
    <None Include="DXSDK\SimpleMath.inl">
      <Filter>Libraries</Filter>
    </None>
  </ItemGroup>
</Project>