<?xml version="1.0" encoding="utf-8"?>
<Project ToolsVersion="4.0" xmlns="http://schemas.microsoft.com/developer/msbuild/2003">
  <ItemGroup>
    <Filter Include="Source Files">
      <UniqueIdentifier>{4FC737F1-C7A5-4376-A066-2A32D752A2FF}</UniqueIdentifier>
      <Extensions>cpp;c;cc;cxx;c++;cppm;ixx;def;odl;idl;hpj;bat;asm;asmx</Extensions>
    </Filter>
    <Filter Include="Header Files">
      <UniqueIdentifier>{93995380-89BD-4b04-88EB-625FBE52EBFB}</UniqueIdentifier>
      <Extensions>h;hh;hpp;hxx;h++;hm;inl;inc;ipp;xsd</Extensions>
    </Filter>
    <Filter Include="Shaders">
      <UniqueIdentifier>{f1b8f4fe-5e8c-41c8-808e-6ea4310a284e}</UniqueIdentifier>
    </Filter>
    <Filter Include="Libraries">
      <UniqueIdentifier>{f62ea1c8-25b5-40c5-ba66-cc1bc5c181f1}</UniqueIdentifier>
    </Filter>
    <Filter Include="Source Files\Resource Files">
      <UniqueIdentifier>{67DA6AB6-F800-4c08-8B7A-83BB121AAD01}</UniqueIdentifier>
      <Extensions>rc;ico;cur;bmp;dlg;rc2;rct;bin;rgs;gif;jpg;jpeg;jpe;resx;tiff;tif;png;wav;mfcribbon-ms</Extensions>
    </Filter>
    <Filter Include="Input">
      <UniqueIdentifier>{b54d2166-8cc6-4f0d-ba6f-f16aa699d411}</UniqueIdentifier>
    </Filter>
    <Filter Include="GameComponents">
      <UniqueIdentifier>{88a4956d-2ba4-4835-8494-170b1a457f49}</UniqueIdentifier>
    </Filter>
    <Filter Include="Source Files\DirectXSDK">
      <UniqueIdentifier>{375cb442-f723-4fa9-8488-11c3be3065c9}</UniqueIdentifier>
    </Filter>
  </ItemGroup>
  <ItemGroup>
    <ClCompile Include="MySuper3DApp.cpp">
      <Filter>Source Files</Filter>
    </ClCompile>
    <ClCompile Include="Game.cpp">
      <Filter>Source Files</Filter>
    </ClCompile>
    <ClCompile Include="DisplayWin32.cpp">
      <Filter>Source Files</Filter>
    </ClCompile>
    <ClCompile Include="Camera.cpp">
      <Filter>Source Files</Filter>
    </ClCompile>
    <ClCompile Include="CameraController.cpp">
      <Filter>Source Files</Filter>
    </ClCompile>
    <ClCompile Include="Input\WinInput.cpp">
      <Filter>Input</Filter>
    </ClCompile>
    <ClCompile Include="DXSDK\Delegates.cpp">
      <Filter>Source Files\DirectXSDK</Filter>
    </ClCompile>
    <ClCompile Include="GameComponents\SphereObject.cpp">
      <Filter>GameComponents</Filter>
    </ClCompile>
    <ClCompile Include="GameComponents\Mesh.cpp">
      <Filter>GameComponents</Filter>
    </ClCompile>
    <ClCompile Include="GameComponents\StickyModel.cpp">
      <Filter>GameComponents</Filter>
    </ClCompile>
    <ClCompile Include="GameComponents\DebugPlane.cpp">
      <Filter>GameComponents</Filter>
    </ClCompile>
    <ClCompile Include="GameComponents\Player.cpp">
      <Filter>GameComponents</Filter>
    </ClCompile>
  </ItemGroup>
  <ItemGroup>
    <ClInclude Include="Game.h">
      <Filter>Header Files</Filter>
    </ClInclude>
    <ClInclude Include="resource.h">
      <Filter>Header Files</Filter>
    </ClInclude>
    <ClInclude Include="GameComponent.h">
      <Filter>Header Files</Filter>
    </ClInclude>
    <ClInclude Include="DisplayWin32.h">
      <Filter>Header Files</Filter>
    </ClInclude>
    <ClInclude Include="InputDevice.h">
      <Filter>Header Files</Filter>
    </ClInclude>
    <ClInclude Include="Camera.h">
      <Filter>Header Files</Filter>
    </ClInclude>
    <ClInclude Include="CameraController.h">
      <Filter>Header Files</Filter>
    </ClInclude>
    <ClInclude Include="Input\Keys.h">
      <Filter>Input</Filter>
    </ClInclude>
    <ClInclude Include="Input\WinInput.h">
      <Filter>Input</Filter>
    </ClInclude>
    <ClInclude Include="DXSDK\XboxDDSTextureLoader.h">
      <Filter>Source Files\DirectXSDK</Filter>
    </ClInclude>
    <ClInclude Include="DXSDK\Audio.h">
      <Filter>Source Files\DirectXSDK</Filter>
    </ClInclude>
    <ClInclude Include="DXSDK\BufferHelpers.h">
      <Filter>Source Files\DirectXSDK</Filter>
    </ClInclude>
    <ClInclude Include="DXSDK\CommonStates.h">
      <Filter>Source Files\DirectXSDK</Filter>
    </ClInclude>
    <ClInclude Include="DXSDK\ConstantBufferTypes.h">
      <Filter>Source Files\DirectXSDK</Filter>
    </ClInclude>
    <ClInclude Include="DXSDK\DDSTextureLoader.h">
      <Filter>Source Files\DirectXSDK</Filter>
    </ClInclude>
    <ClInclude Include="DXSDK\Delegates.h">
      <Filter>Source Files\DirectXSDK</Filter>
    </ClInclude>
    <ClInclude Include="DXSDK\DirectXHelpers.h">
      <Filter>Source Files\DirectXSDK</Filter>
    </ClInclude>
    <ClInclude Include="DXSDK\Effects.h">
      <Filter>Source Files\DirectXSDK</Filter>
    </ClInclude>
    <ClInclude Include="DXSDK\GamePad.h">
      <Filter>Source Files\DirectXSDK</Filter>
    </ClInclude>
    <ClInclude Include="DXSDK\GraphicsMemory.h">
      <Filter>Source Files\DirectXSDK</Filter>
    </ClInclude>
    <ClInclude Include="DXSDK\Keyboard.h">
      <Filter>Source Files\DirectXSDK</Filter>
    </ClInclude>
    <ClInclude Include="DXSDK\Model.h">
      <Filter>Source Files\DirectXSDK</Filter>
    </ClInclude>
    <ClInclude Include="DXSDK\Mouse.h">
      <Filter>Source Files\DirectXSDK</Filter>
    </ClInclude>
    <ClInclude Include="DXSDK\PostProcess.h">
      <Filter>Source Files\DirectXSDK</Filter>
    </ClInclude>
    <ClInclude Include="DXSDK\PrimitiveBatch.h">
      <Filter>Source Files\DirectXSDK</Filter>
    </ClInclude>
    <ClInclude Include="DXSDK\ScreenGrab.h">
      <Filter>Source Files\DirectXSDK</Filter>
    </ClInclude>
    <ClInclude Include="DXSDK\SimpleMath.h">
      <Filter>Source Files\DirectXSDK</Filter>
    </ClInclude>
    <ClInclude Include="DXSDK\SpriteBatch.h">
      <Filter>Source Files\DirectXSDK</Filter>
    </ClInclude>
    <ClInclude Include="DXSDK\SpriteFont.h">
      <Filter>Source Files\DirectXSDK</Filter>
    </ClInclude>
    <ClInclude Include="DXSDK\VertexTypes.h">
      <Filter>Source Files\DirectXSDK</Filter>
    </ClInclude>
    <ClInclude Include="DXSDK\WICTextureLoader.h">
      <Filter>Source Files\DirectXSDK</Filter>
    </ClInclude>
    <ClInclude Include="GameComponents\SphereObject.h">
      <Filter>GameComponents</Filter>
    </ClInclude>
    <ClInclude Include="DXSDK\assimp\ai_assert.h">
      <Filter>Source Files\DirectXSDK</Filter>
    </ClInclude>
    <ClInclude Include="DXSDK\assimp\anim.h">
      <Filter>Source Files\DirectXSDK</Filter>
    </ClInclude>
    <ClInclude Include="DXSDK\assimp\camera.h">
      <Filter>Source Files\DirectXSDK</Filter>
    </ClInclude>
    <ClInclude Include="DXSDK\assimp\cexport.h">
      <Filter>Source Files\DirectXSDK</Filter>
    </ClInclude>
    <ClInclude Include="DXSDK\assimp\cfileio.h">
      <Filter>Source Files\DirectXSDK</Filter>
    </ClInclude>
    <ClInclude Include="DXSDK\assimp\cimport.h">
      <Filter>Source Files\DirectXSDK</Filter>
    </ClInclude>
    <ClInclude Include="DXSDK\assimp\color4.h">
      <Filter>Source Files\DirectXSDK</Filter>
    </ClInclude>
    <ClInclude Include="DXSDK\assimp\config.h">
      <Filter>Source Files\DirectXSDK</Filter>
    </ClInclude>
    <ClInclude Include="DXSDK\assimp\DefaultLogger.hpp">
      <Filter>Source Files\DirectXSDK</Filter>
    </ClInclude>
    <ClInclude Include="DXSDK\assimp\defs.h">
      <Filter>Source Files\DirectXSDK</Filter>
    </ClInclude>
    <ClInclude Include="DXSDK\assimp\Exporter.hpp">
      <Filter>Source Files\DirectXSDK</Filter>
    </ClInclude>
    <ClInclude Include="DXSDK\assimp\Importer.hpp">
      <Filter>Source Files\DirectXSDK</Filter>
    </ClInclude>
    <ClInclude Include="DXSDK\assimp\importerdesc.h">
      <Filter>Source Files\DirectXSDK</Filter>
    </ClInclude>
    <ClInclude Include="DXSDK\assimp\IOStream.hpp">
      <Filter>Source Files\DirectXSDK</Filter>
    </ClInclude>
    <ClInclude Include="DXSDK\assimp\IOSystem.hpp">
      <Filter>Source Files\DirectXSDK</Filter>
    </ClInclude>
    <ClInclude Include="DXSDK\assimp\light.h">
      <Filter>Source Files\DirectXSDK</Filter>
    </ClInclude>
    <ClInclude Include="DXSDK\assimp\Logger.hpp">
      <Filter>Source Files\DirectXSDK</Filter>
    </ClInclude>
    <ClInclude Include="DXSDK\assimp\LogStream.hpp">
      <Filter>Source Files\DirectXSDK</Filter>
    </ClInclude>
    <ClInclude Include="DXSDK\assimp\material.h">
      <Filter>Source Files\DirectXSDK</Filter>
    </ClInclude>
    <ClInclude Include="DXSDK\assimp\matrix3x3.h">
      <Filter>Source Files\DirectXSDK</Filter>
    </ClInclude>
    <ClInclude Include="DXSDK\assimp\matrix4x4.h">
      <Filter>Source Files\DirectXSDK</Filter>
    </ClInclude>
    <ClInclude Include="DXSDK\assimp\mesh.h">
      <Filter>Source Files\DirectXSDK</Filter>
    </ClInclude>
    <ClInclude Include="DXSDK\assimp\metadata.h">
      <Filter>Source Files\DirectXSDK</Filter>
    </ClInclude>
    <ClInclude Include="DXSDK\assimp\NullLogger.hpp">
      <Filter>Source Files\DirectXSDK</Filter>
    </ClInclude>
    <ClInclude Include="DXSDK\assimp\postprocess.h">
      <Filter>Source Files\DirectXSDK</Filter>
    </ClInclude>
    <ClInclude Include="DXSDK\assimp\ProgressHandler.hpp">
      <Filter>Source Files\DirectXSDK</Filter>
    </ClInclude>
    <ClInclude Include="DXSDK\assimp\quaternion.h">
      <Filter>Source Files\DirectXSDK</Filter>
    </ClInclude>
    <ClInclude Include="DXSDK\assimp\scene.h">
      <Filter>Source Files\DirectXSDK</Filter>
    </ClInclude>
    <ClInclude Include="DXSDK\assimp\texture.h">
      <Filter>Source Files\DirectXSDK</Filter>
    </ClInclude>
    <ClInclude Include="DXSDK\assimp\types.h">
      <Filter>Source Files\DirectXSDK</Filter>
    </ClInclude>
    <ClInclude Include="DXSDK\assimp\vector2.h">
      <Filter>Source Files\DirectXSDK</Filter>
    </ClInclude>
    <ClInclude Include="DXSDK\assimp\vector3.h">
      <Filter>Source Files\DirectXSDK</Filter>
    </ClInclude>
    <ClInclude Include="DXSDK\assimp\version.h">
      <Filter>Source Files\DirectXSDK</Filter>
    </ClInclude>
    <ClInclude Include="GameComponents\Mesh.h">
      <Filter>GameComponents</Filter>
    </ClInclude>
    <ClInclude Include="GameComponents\StickyModel.h">
      <Filter>GameComponents</Filter>
    </ClInclude>
    <ClInclude Include="GameComponents\DebugPlane.h">
      <Filter>GameComponents</Filter>
    </ClInclude>
    <ClInclude Include="GameComponents\Player.h">
      <Filter>GameComponents</Filter>
    </ClInclude>
    <ClInclude Include="DXSDK\GeometricPrimitive.h">
      <Filter>Source Files\DirectXSDK</Filter>
    </ClInclude>
  </ItemGroup>
  <ItemGroup>
    <ResourceCompile Include="GCItmo.rc">
      <Filter>Source Files\Resource Files</Filter>
    </ResourceCompile>
  </ItemGroup>
  <ItemGroup>
    <None Include="DXSDK\SimpleMath.inl">
      <Filter>Source Files\DirectXSDK</Filter>
    </None>
    <None Include="DXSDK\assimp\color4.inl">
      <Filter>Source Files\DirectXSDK</Filter>
    </None>
    <None Include="DXSDK\assimp\material.inl">
      <Filter>Source Files\DirectXSDK</Filter>
    </None>
    <None Include="DXSDK\assimp\matrix3x3.inl">
      <Filter>Source Files\DirectXSDK</Filter>
    </None>
    <None Include="DXSDK\assimp\matrix4x4.inl">
      <Filter>Source Files\DirectXSDK</Filter>
    </None>
    <None Include="DXSDK\assimp\quaternion.inl">
      <Filter>Source Files\DirectXSDK</Filter>
    </None>
    <None Include="DXSDK\assimp\vector2.inl">
      <Filter>Source Files\DirectXSDK</Filter>
    </None>
    <None Include="DXSDK\assimp\vector3.inl">
      <Filter>Source Files\DirectXSDK</Filter>
    </None>
  </ItemGroup>
</Project>